{
  "name": "micro-frontends",
  "version": "1.0.0",
  "lockfileVersion": 1,
  "requires": true,
  "dependencies": {
    "prettier": {
      "version": "1.14.0",
      "resolved": "https://registry.npmjs.org/prettier/-/prettier-1.14.0.tgz",
      "integrity": "sha512-KtQ2EGaUwf2EyDfp1fxyEb0PqGKakVm0WyXwDt6u+cAoxbO2Z2CwKvOe3+b4+F2IlO9lYHi1kqFuRM70ddBnow==",
      "dev": true
    }
  }
}
